// !$*UTF8*$!
{
	archiveVersion = 1;
	classes = {
	};
	objectVersion = 46;
	objects = {

/* Begin PBXBuildFile section */
		08D681AA1A5E5C3200849771 /* FileSystem.cpp in Sources */ = {isa = PBXBuildFile; fileRef = 08D681A51A5E5C3200849771 /* FileSystem.cpp */; };
		08D681AB1A5E5C3200849771 /* Source.cpp in Sources */ = {isa = PBXBuildFile; fileRef = 08D681A71A5E5C3200849771 /* Source.cpp */; };
		08D681AC1A5E5C3200849771 /* xxtea.c in Sources */ = {isa = PBXBuildFile; fileRef = 08D681A81A5E5C3200849771 /* xxtea.c */; };
/* End PBXBuildFile section */

/* Begin PBXCopyFilesBuildPhase section */
		08D681991A5E5BC200849771 /* CopyFiles */ = {
			isa = PBXCopyFilesBuildPhase;
			buildActionMask = 2147483647;
			dstPath = /usr/share/man/man1/;
			dstSubfolderSpec = 0;
			files = (
			);
			runOnlyForDeploymentPostprocessing = 1;
		};
/* End PBXCopyFilesBuildPhase section */

/* Begin PBXFileReference section */
		08D6819B1A5E5BC200849771 /* LogUnzipper */ = {isa = PBXFileReference; explicitFileType = "compiled.mach-o.executable"; includeInIndex = 0; path = LogUnzipper; sourceTree = BUILT_PRODUCTS_DIR; };
		08D681A51A5E5C3200849771 /* FileSystem.cpp */ = {isa = PBXFileReference; fileEncoding = 4; lastKnownFileType = sourcecode.cpp.cpp; path = FileSystem.cpp; sourceTree = "<group>"; };
		08D681A61A5E5C3200849771 /* FileSystem.h */ = {isa = PBXFileReference; fileEncoding = 4; lastKnownFileType = sourcecode.c.h; path = FileSystem.h; sourceTree = "<group>"; };
		08D681A71A5E5C3200849771 /* Source.cpp */ = {isa = PBXFileReference; fileEncoding = 4; lastKnownFileType = sourcecode.cpp.cpp; path = Source.cpp; sourceTree = "<group>"; };
		08D681A81A5E5C3200849771 /* xxtea.c */ = {isa = PBXFileReference; fileEncoding = 4; lastKnownFileType = sourcecode.c.c; path = xxtea.c; sourceTree = "<group>"; };
		08D681A91A5E5C3200849771 /* xxtea.h */ = {isa = PBXFileReference; fileEncoding = 4; lastKnownFileType = sourcecode.c.h; path = xxtea.h; sourceTree = "<group>"; };
/* End PBXFileReference section */

/* Begin PBXFrameworksBuildPhase section */
		08D681981A5E5BC200849771 /* Frameworks */ = {
			isa = PBXFrameworksBuildPhase;
			buildActionMask = 2147483647;
			files = (
			);
			runOnlyForDeploymentPostprocessing = 0;
		};
/* End PBXFrameworksBuildPhase section */

/* Begin PBXGroup section */
		08D681921A5E5BC200849771 = {
			isa = PBXGroup;
			children = (
				08D681A51A5E5C3200849771 /* FileSystem.cpp */,
				08D681A61A5E5C3200849771 /* FileSystem.h */,
				08D681A71A5E5C3200849771 /* Source.cpp */,
				08D681A81A5E5C3200849771 /* xxtea.c */,
				08D681A91A5E5C3200849771 /* xxtea.h */,
				08D6819C1A5E5BC200849771 /* Products */,
			);
			sourceTree = "<group>";
		};
		08D6819C1A5E5BC200849771 /* Products */ = {
			isa = PBXGroup;
			children = (
				08D6819B1A5E5BC200849771 /* LogUnzipper */,
			);
			name = Products;
			sourceTree = "<group>";
		};
/* End PBXGroup section */

/* Begin PBXNativeTarget section */
		08D6819A1A5E5BC200849771 /* LogUnzipper */ = {
			isa = PBXNativeTarget;
			buildConfigurationList = 08D681A21A5E5BC200849771 /* Build configuration list for PBXNativeTarget "LogUnzipper" */;
			buildPhases = (
				08D681971A5E5BC200849771 /* Sources */,
				08D681981A5E5BC200849771 /* Frameworks */,
				08D681991A5E5BC200849771 /* CopyFiles */,
			);
			buildRules = (
			);
			dependencies = (
			);
			name = LogUnzipper;
			productName = LogUnzipper;
			productReference = 08D6819B1A5E5BC200849771 /* LogUnzipper */;
			productType = "com.apple.product-type.tool";
		};
/* End PBXNativeTarget section */

/* Begin PBXProject section */
		08D681931A5E5BC200849771 /* Project object */ = {
			isa = PBXProject;
			attributes = {
				LastUpgradeCheck = 0600;
				ORGANIZATIONNAME = pwrd;
				TargetAttributes = {
					08D6819A1A5E5BC200849771 = {
						CreatedOnToolsVersion = 6.0.1;
					};
				};
			};
			buildConfigurationList = 08D681961A5E5BC200849771 /* Build configuration list for PBXProject "LogUnzipper" */;
			compatibilityVersion = "Xcode 3.2";
			developmentRegion = English;
			hasScannedForEncodings = 0;
			knownRegions = (
				en,
			);
			mainGroup = 08D681921A5E5BC200849771;
			productRefGroup = 08D6819C1A5E5BC200849771 /* Products */;
			projectDirPath = "";
			projectRoot = "";
			targets = (
				08D6819A1A5E5BC200849771 /* LogUnzipper */,
			);
		};
/* End PBXProject section */

/* Begin PBXSourcesBuildPhase section */
		08D681971A5E5BC200849771 /* Sources */ = {
			isa = PBXSourcesBuildPhase;
			buildActionMask = 2147483647;
			files = (
				08D681AC1A5E5C3200849771 /* xxtea.c in Sources */,
				08D681AB1A5E5C3200849771 /* Source.cpp in Sources */,
				08D681AA1A5E5C3200849771 /* FileSystem.cpp in Sources */,
			);
			runOnlyForDeploymentPostprocessing = 0;
		};
/* End PBXSourcesBuildPhase section */

/* Begin XCBuildConfiguration section */
		08D681A01A5E5BC200849771 /* Debug */ = {
			isa = XCBuildConfiguration;
			buildSettings = {
				ALWAYS_SEARCH_USER_PATHS = NO;
				CLANG_CXX_LANGUAGE_STANDARD = "gnu++0x";
				CLANG_CXX_LIBRARY = "libc++";
				CLANG_ENABLE_MODULES = YES;
				CLANG_ENABLE_OBJC_ARC = YES;
				CLANG_WARN_BOOL_CONVERSION = YES;
				CLANG_WARN_CONSTANT_CONVERSION = YES;
				CLANG_WARN_DIRECT_OBJC_ISA_USAGE = YES_ERROR;
				CLANG_WARN_EMPTY_BODY = YES;
				CLANG_WARN_ENUM_CONVERSION = YES;
				CLANG_WARN_INT_CONVERSION = YES;
				CLANG_WARN_OBJC_ROOT_CLASS = YES_ERROR;
				CLANG_WARN_UNREACHABLE_CODE = YES;
				CLANG_WARN__DUPLICATE_METHOD_MATCH = YES;
				COPY_PHASE_STRIP = NO;
				ENABLE_STRICT_OBJC_MSGSEND = YES;
				GCC_C_LANGUAGE_STANDARD = gnu99;
				GCC_DYNAMIC_NO_PIC = NO;
				GCC_OPTIMIZATION_LEVEL = 0;
				GCC_PREPROCESSOR_DEFINITIONS = (
					"DEBUG=1",
					"$(inherited)",
				);
				GCC_SYMBOLS_PRIVATE_EXTERN = NO;
				GCC_WARN_64_TO_32_BIT_CONVERSION = YES;
				GCC_WARN_ABOUT_RETURN_TYPE = YES_ERROR;
				GCC_WARN_UNDECLARED_SELECTOR = YES;
				GCC_WARN_UNINITIALIZED_AUTOS = YES_AGGRESSIVE;
				GCC_WARN_UNUSED_FUNCTION = YES;
				GCC_WARN_UNUSED_VARIABLE = YES;
				MACOSX_DEPLOYMENT_TARGET = 10.9;
				MTL_ENABLE_DEBUG_INFO = YES;
				ONLY_ACTIVE_ARCH = YES;
				SDKROOT = macosx;
			};
			name = Debug;
		};
		08D681A11A5E5BC200849771 /* Release */ = {
			isa = XCBuildConfiguration;
			buildSettings = {
				ALWAYS_SEARCH_USER_PATHS = NO;
				CLANG_CXX_LANGUAGE_STANDARD = "gnu++0x";
				CLANG_CXX_LIBRARY = "libc++";
				CLANG_ENABLE_MODULES = YES;
				CLANG_ENABLE_OBJC_ARC = YES;
				CLANG_WARN_BOOL_CONVERSION = YES;
				CLANG_WARN_CONSTANT_CONVERSION = YES;
				CLANG_WARN_DIRECT_OBJC_ISA_USAGE = YES_ERROR;
				CLANG_WARN_EMPTY_BODY = YES;
				CLANG_WARN_ENUM_CONVERSION = YES;
				CLANG_WARN_INT_CONVERSION = YES;
				CLANG_WARN_OBJC_ROOT_CLASS = YES_ERROR;
				CLANG_WARN_UNREACHABLE_CODE = YES;
				CLANG_WARN__DUPLICATE_METHOD_MATCH = YES;
				COPY_PHASE_STRIP = YES;
				DEBUG_INFORMATION_FORMAT = "dwarf-with-dsym";
				ENABLE_NS_ASSERTIONS = NO;
				ENABLE_STRICT_OBJC_MSGSEND = YES;
				GCC_C_LANGUAGE_STANDARD = gnu99;
				GCC_WARN_64_TO_32_BIT_CONVERSION = YES;
				GCC_WARN_ABOUT_RETURN_TYPE = YES_ERROR;
				GCC_WARN_UNDECLARED_SELECTOR = YES;
				GCC_WARN_UNINITIALIZED_AUTOS = YES_AGGRESSIVE;
				GCC_WARN_UNUSED_FUNCTION = YES;
				GCC_WARN_UNUSED_VARIABLE = YES;
				MACOSX_DEPLOYMENT_TARGET = 10.9;
				MTL_ENABLE_DEBUG_INFO = NO;
				SDKROOT = macosx;
			};
			name = Release;
		};
		08D681A31A5E5BC200849771 /* Debug */ = {
			isa = XCBuildConfiguration;
			buildSettings = {
				PRODUCT_NAME = "$(TARGET_NAME)";
			};
			name = Debug;
		};
		08D681A41A5E5BC200849771 /* Release */ = {
			isa = XCBuildConfiguration;
			buildSettings = {
				PRODUCT_NAME = "$(TARGET_NAME)";
			};
			name = Release;
		};
/* End XCBuildConfiguration section */

/* Begin XCConfigurationList section */
		08D681961A5E5BC200849771 /* Build configuration list for PBXProject "LogUnzipper" */ = {
			isa = XCConfigurationList;
			buildConfigurations = (
				08D681A01A5E5BC200849771 /* Debug */,
				08D681A11A5E5BC200849771 /* Release */,
			);
			defaultConfigurationIsVisible = 0;
			defaultConfigurationName = Release;
		};
		08D681A21A5E5BC200849771 /* Build configuration list for PBXNativeTarget "LogUnzipper" */ = {
			isa = XCConfigurationList;
			buildConfigurations = (
				08D681A31A5E5BC200849771 /* Debug */,
				08D681A41A5E5BC200849771 /* Release */,
			);
			defaultConfigurationIsVisible = 0;
		};
/* End XCConfigurationList section */
	};
	rootObject = 08D681931A5E5BC200849771 /* Project object */;
}
